Microsoft Visual Studio Solution File, Format Version 12.00
# Visual Studio Version 17
VisualStudioVersion = 17.5.2.0
MinimumVisualStudioVersion = 10.0.40219.1
Project("{FAE04EC0-301F-11D3-BF4B-00C04F79EFBC}") = "ParaIgre.Api", "ParaIgre.Api.csproj", "{23DA5BE3-4CC1-3BE9-AC4B-2D1704207DDE}"
EndProject
Global
	GlobalSection(SolutionConfigurationPlatforms) = preSolution
		Debug|Any CPU = Debug|Any CPU
		Release|Any CPU = Release|Any CPU
	EndGlobalSection
	GlobalSection(ProjectConfigurationPlatforms) = postSolution
		{23DA5BE3-4CC1-3BE9-AC4B-2D1704207DDE}.Debug|Any CPU.ActiveCfg = Debug|Any CPU
		{23DA5BE3-4CC1-3BE9-AC4B-2D1704207DDE}.Debug|Any CPU.Build.0 = Debug|Any CPU
		{23DA5BE3-4CC1-3BE9-AC4B-2D1704207DDE}.Release|Any CPU.ActiveCfg = Release|Any CPU
		{23DA5BE3-4CC1-3BE9-AC4B-2D1704207DDE}.Release|Any CPU.Build.0 = Release|Any CPU
	EndGlobalSection
	GlobalSection(SolutionProperties) = preSolution
		HideSolutionNode = FALSE
	EndGlobalSection
	GlobalSection(ExtensibilityGlobals) = postSolution
		SolutionGuid = {44F74FAC-717B-418E-ACA3-6DA8A4A4563F}
	EndGlobalSection
EndGlobal
